// !$*UTF8*$!
{
	archiveVersion = 1;
	classes = {
	};
	objectVersion = 77;
	objects = {

/* Begin PBXBuildFile section */
		009B4248B90F6AC8EE19E3B7 /* AppDelegate.swift in Sources */ = {isa = PBXBuildFile; fileRef = 22D7D8C0B82CB88F1D3D5CA2 /* AppDelegate.swift */; };
		1269C20F2394879CD524AD89 /* ConversationView+ScrollIndicators.swift in Sources */ = {isa = PBXBuildFile; fileRef = A82FC9616A29206D7B9D9C42 /* ConversationView+ScrollIndicators.swift */; };
		2A62EA2A80A8037FCA288EE2 /* OnboardingAnimations.swift in Sources */ = {isa = PBXBuildFile; fileRef = 1FB62C70416559B542F3329F /* OnboardingAnimations.swift */; };
		2D6AD43B267CD9FA109110AF /* OnboardingStepViews.swift in Sources */ = {isa = PBXBuildFile; fileRef = DA190704EDDA2E1CA660F898 /* OnboardingStepViews.swift */; };
		2E46EEA2DA493728930C87D8 /* ConversationView.swift in Sources */ = {isa = PBXBuildFile; fileRef = 60EE19EAAF10B595D04E99F8 /* ConversationView.swift */; };
		2FC8583F3AB2170FFC13A49D /* ConversationListHelpers.swift in Sources */ = {isa = PBXBuildFile; fileRef = 0A8803B4442F5F663F4D5B63 /* ConversationListHelpers.swift */; };
		470F5AC07EAF99E5F119C3E6 /* MeeshyApp.swift in Sources */ = {isa = PBXBuildFile; fileRef = BC091A1BD89E4244D04EAED9 /* MeeshyApp.swift */; };
		4C9760B519E90994F76DC90A /* Assets.xcassets in Resources */ = {isa = PBXBuildFile; fileRef = 13A020468B6C8367F8121928 /* Assets.xcassets */; };
		542025BAEF06C3FB0578E670 /* ConversationListView+Overlays.swift in Sources */ = {isa = PBXBuildFile; fileRef = 67CC3F2F25BE7ED204EC43B5 /* ConversationListView+Overlays.swift */; };
		63036D51D98A1B79ADC9401D /* OverlayMenu.swift in Sources */ = {isa = PBXBuildFile; fileRef = 694F8FDCDD76F6AEB93FFEAE /* OverlayMenu.swift */; };
		6E75FBB8A88317499B405448 /* FeedView.swift in Sources */ = {isa = PBXBuildFile; fileRef = 6A9158CD2F0C3B689AB0ACF4 /* FeedView.swift */; };
		72CD89ACB142EA00D2E6AF80 /* MessageComposer.swift in Sources */ = {isa = PBXBuildFile; fileRef = 67D6DD3DD18D11CD174DF95C /* MessageComposer.swift */; };
		75F796AFDAAFB88DFFB87706 /* ConversationView+Composer.swift in Sources */ = {isa = PBXBuildFile; fileRef = AB514257655035123C7AD2F8 /* ConversationView+Composer.swift */; };
		9F0935CAA94371C402BE2B6E /* ConversationMediaViews.swift in Sources */ = {isa = PBXBuildFile; fileRef = 56FAE7930C60B05A39A5DAF2 /* ConversationMediaViews.swift */; };
		A089B898BAA69C0AB7FA044C /* ConversationView+AttachmentHandlers.swift in Sources */ = {isa = PBXBuildFile; fileRef = 553CE480C5B7C55136F3B3B4 /* ConversationView+AttachmentHandlers.swift */; };
		AA00BB11CC22DD33EE440001 /* Conversation.swift in Sources */ = {isa = PBXBuildFile; fileRef = AA00BB11CC22DD33EE440011 /* Conversation.swift */; };
		AA00BB11CC22DD33EE440002 /* Message.swift in Sources */ = {isa = PBXBuildFile; fileRef = AA00BB11CC22DD33EE440012 /* Message.swift */; };
		AA00BB11CC22DD33EE440003 /* FeedModels.swift in Sources */ = {isa = PBXBuildFile; fileRef = AA00BB11CC22DD33EE440013 /* FeedModels.swift */; };
		AA00BB11CC22DD33EE440004 /* SampleData.swift in Sources */ = {isa = PBXBuildFile; fileRef = AA00BB11CC22DD33EE440014 /* SampleData.swift */; };
		AA00BB11CC22DD33EE440005 /* RootViewComponents.swift in Sources */ = {isa = PBXBuildFile; fileRef = AA00BB11CC22DD33EE440015 /* RootViewComponents.swift */; };
		AA00BB11CC22DD33EE440007 /* MessageModels.swift in Sources */ = {isa = PBXBuildFile; fileRef = AA00BB11CC22DD33EE440017 /* MessageModels.swift */; };
		AA00BB11CC22DD33EE440021 /* FeedPostCard.swift in Sources */ = {isa = PBXBuildFile; fileRef = AA00BB11CC22DD33EE440031 /* FeedPostCard.swift */; };
		AA00BB11CC22DD33EE440022 /* FeedPostCard+Media.swift in Sources */ = {isa = PBXBuildFile; fileRef = AA00BB11CC22DD33EE440032 /* FeedPostCard+Media.swift */; };
		AA00BB11CC22DD33EE440023 /* FeedCommentsSheet.swift in Sources */ = {isa = PBXBuildFile; fileRef = AA00BB11CC22DD33EE440033 /* FeedCommentsSheet.swift */; };
		AA00BB11CC22DD33EE440028 /* AuthModels.swift in Sources */ = {isa = PBXBuildFile; fileRef = AA00BB11CC22DD33EE440018 /* AuthModels.swift */; };
		AA00BB11CC22DD33EE44002A /* PostModels.swift in Sources */ = {isa = PBXBuildFile; fileRef = AA00BB11CC22DD33EE44001A /* PostModels.swift */; };
		AA00BB11CC22DD33EE44002B /* StoryModels.swift in Sources */ = {isa = PBXBuildFile; fileRef = AA00BB11CC22DD33EE44001B /* StoryModels.swift */; };
		AA1000000000002FA1 /* UploadProgressBar.swift in Sources */ = {isa = PBXBuildFile; fileRef = AA1000000000001FA1 /* UploadProgressBar.swift */; };
		AA11BB22CC33DD44EE55FF02 /* StoryViewModel.swift in Sources */ = {isa = PBXBuildFile; fileRef = BB22CC33DD44EE55FF660022 /* StoryViewModel.swift */; };
		AA11BB22CC33DD44EE55FF03 /* StatusViewModel.swift in Sources */ = {isa = PBXBuildFile; fileRef = BB22CC33DD44EE55FF660033 /* StatusViewModel.swift */; };
		AA11BB22CC33DD44EE55FF04 /* StoryTrayView.swift in Sources */ = {isa = PBXBuildFile; fileRef = BB22CC33DD44EE55FF660044 /* StoryTrayView.swift */; };
		AA11BB22CC33DD44EE55FF05 /* StoryViewerView.swift in Sources */ = {isa = PBXBuildFile; fileRef = BB22CC33DD44EE55FF660055 /* StoryViewerView.swift */; };
		AA11BB22CC33DD44EE55FF06 /* StatusBarView.swift in Sources */ = {isa = PBXBuildFile; fileRef = BB22CC33DD44EE55FF660066 /* StatusBarView.swift */; };
		AA11BB22CC33DD44EE55FF07 /* StatusComposerView.swift in Sources */ = {isa = PBXBuildFile; fileRef = BB22CC33DD44EE55FF660077 /* StatusComposerView.swift */; };
		AA2000000000002FA2 /* LocationPickerView.swift in Sources */ = {isa = PBXBuildFile; fileRef = AA2000000000001FA2 /* LocationPickerView.swift */; };
		AA3000000000002FA3 /* MediaCompressor.swift in Sources */ = {isa = PBXBuildFile; fileRef = AA3000000000001FA3 /* MediaCompressor.swift */; };
		AA5000000000002FA5 /* VideoPreviewView.swift in Sources */ = {isa = PBXBuildFile; fileRef = AA5000000000001FA5 /* VideoPreviewView.swift */; };
		AA6000000000002FA6 /* AttachmentSendService.swift in Sources */ = {isa = PBXBuildFile; fileRef = AA6000000000001FA6 /* AttachmentSendService.swift */; };
		AABB001100220033 /* MeeshySDK in Frameworks */ = {isa = PBXBuildFile; productRef = AABB001100220066 /* MeeshySDK */; };
		AABB001100220044 /* MeeshyUI in Frameworks */ = {isa = PBXBuildFile; productRef = AABB001100220077 /* MeeshyUI */; };
		AABB00110022FF01 /* PresenceManager.swift in Sources */ = {isa = PBXBuildFile; fileRef = AABB00110022EE01 /* PresenceManager.swift */; };
		AACC00220033FF01 /* AudioRecorderManager.swift in Sources */ = {isa = PBXBuildFile; fileRef = AACC00220033EE01 /* AudioRecorderManager.swift */; };
		BB22CC33DD44EE55FF660058 /* StoryViewerView+Content.swift in Sources */ = {isa = PBXBuildFile; fileRef = BB22CC33DD44EE55FF660057 /* StoryViewerView+Content.swift */; };
		BB7000000000002FB7 /* ImageEditView.swift in Sources */ = {isa = PBXBuildFile; fileRef = BB7000000000001FB7 /* ImageEditView.swift */; };
		BB8000000000002FB8 /* ImageFilterEngine.swift in Sources */ = {isa = PBXBuildFile; fileRef = BB8000000000001FB8 /* ImageFilterEngine.swift */; };
		BLKU002A002A002A002A0002 /* BlockedUsersView.swift in Sources */ = {isa = PBXBuildFile; fileRef = BLKU001A001A001A001A0001 /* BlockedUsersView.swift */; };
		C5B683209E2718175550AAE6 /* ConversationView+Header.swift in Sources */ = {isa = PBXBuildFile; fileRef = 04F74C3B482B09AEDCB4FCB0 /* ConversationView+Header.swift */; };
		CB3100000000002F31 /* ConnectionBanner.swift in Sources */ = {isa = PBXBuildFile; fileRef = CB3100000000001F31 /* ConnectionBanner.swift */; };
		CC1000000000002F10 /* MediaPlayerContext.swift in Sources */ = {isa = PBXBuildFile; fileRef = CC1000000000001F10 /* MediaPlayerContext.swift */; };
		CC1700000000002F17 /* MessageOverlayMenu.swift in Sources */ = {isa = PBXBuildFile; fileRef = CC1700000000001F17 /* MessageOverlayMenu.swift */; };
		CC1800000000002F18 /* MessageInfoSheet.swift in Sources */ = {isa = PBXBuildFile; fileRef = CC1800000000001F18 /* MessageInfoSheet.swift */; };
		CC1900000000002F19 /* ForwardPickerSheet.swift in Sources */ = {isa = PBXBuildFile; fileRef = CC1900000000001F19 /* ForwardPickerSheet.swift */; };
		CC1900000000004F19 /* ConversationInfoSheet.swift in Sources */ = {isa = PBXBuildFile; fileRef = CC1900000000003F19 /* ConversationInfoSheet.swift */; };
		CC2000000000002F20 /* CameraView.swift in Sources */ = {isa = PBXBuildFile; fileRef = CC2000000000001F20 /* CameraView.swift */; };
		CC2100000000002F21 /* ReportMessageSheet.swift in Sources */ = {isa = PBXBuildFile; fileRef = CC2100000000001F21 /* ReportMessageSheet.swift */; };
		CC2200000000002F22 /* MessageDetailSheet.swift in Sources */ = {isa = PBXBuildFile; fileRef = CC2200000000001F22 /* MessageDetailSheet.swift */; };
		CC2300000000002F23 /* ConversationLockSheet.swift in Sources */ = {isa = PBXBuildFile; fileRef = CC2300000000001F23 /* ConversationLockSheet.swift */; };
		CC2400000000002F24 /* ConversationLockManager.swift in Sources */ = {isa = PBXBuildFile; fileRef = CC2400000000001F24 /* ConversationLockManager.swift */; };
		CC4000000000002F40 /* ContactCardView.swift in Sources */ = {isa = PBXBuildFile; fileRef = CC4000000000001F40 /* ContactCardView.swift */; };
		CC5DF0610487315B178B7FE5 /* RootView.swift in Sources */ = {isa = PBXBuildFile; fileRef = 31BB909122D8D9361EC72DF1 /* RootView.swift */; };
		CF236AB810E070AE44B8AE2F /* ThemedMessageBubble+Media.swift in Sources */ = {isa = PBXBuildFile; fileRef = 161B698A5C7ABD5B61A9F071 /* ThemedMessageBubble+Media.swift */; };
		CHPW002A002A002A002A0002 /* ChangePasswordView.swift in Sources */ = {isa = PBXBuildFile; fileRef = CHPW001A001A001A001A0001 /* ChangePasswordView.swift */; };
		CM3600000000002F36 /* CallManager.swift in Sources */ = {isa = PBXBuildFile; fileRef = CM3600000000001F36 /* CallManager.swift */; };
		CV3800000000002F38 /* CallView.swift in Sources */ = {isa = PBXBuildFile; fileRef = CV3800000000001F38 /* CallView.swift */; };
		D143407BBF8B39883209BCFD /* OnboardingFlowView.swift in Sources */ = {isa = PBXBuildFile; fileRef = 6B4592BA9A00EF9FA3BBEE07 /* OnboardingFlowView.swift */; };
		D26BAE25A2C027F3CA414696 /* ConversationView+MessageRow.swift in Sources */ = {isa = PBXBuildFile; fileRef = 631E4BD5FAADD58E16760AF9 /* ConversationView+MessageRow.swift */; };
		DD22EE33FF44AA55BB660099 /* StatusBubbleOverlay.swift in Sources */ = {isa = PBXBuildFile; fileRef = CC11DD22EE33FF44AA550099 /* StatusBubbleOverlay.swift */; };
		DD22EE33FF44AA55BB6600AA /* UniversalComposerBar.swift in Sources */ = {isa = PBXBuildFile; fileRef = CC11DD22EE33FF44AA5500AA /* UniversalComposerBar.swift */; };
		DD22EE33FF44AA55BB6600AC /* ComposerModels.swift in Sources */ = {isa = PBXBuildFile; fileRef = CC11DD22EE33FF44AA5500AC /* ComposerModels.swift */; };
		DD22EE33FF44AA55BB6600AD /* UniversalComposerBar+Recording.swift in Sources */ = {isa = PBXBuildFile; fileRef = CC11DD22EE33FF44AA5500AD /* UniversalComposerBar+Recording.swift */; };
		DD22EE33FF44AA55BB6600AE /* UniversalComposerBar+Attachments.swift in Sources */ = {isa = PBXBuildFile; fileRef = CC11DD22EE33FF44AA5500AE /* UniversalComposerBar+Attachments.swift */; };
		DD33EE44FF55AA66BB770022 /* ConversationListViewModel.swift in Sources */ = {isa = PBXBuildFile; fileRef = DD33EE44FF55AA66BB770021 /* ConversationListViewModel.swift */; };
		DD9981C0D89B4E730BB0B70C /* ThemedMessageBubble.swift in Sources */ = {isa = PBXBuildFile; fileRef = 8E243312C4FE9B69E3D649F7 /* ThemedMessageBubble.swift */; };
		DL1100000000002F01 /* DeepLinkRouter.swift in Sources */ = {isa = PBXBuildFile; fileRef = DL1100000000001F01 /* DeepLinkRouter.swift */; };
		E3FB7818ED933C8F0757593F /* ThemedConversationRow.swift in Sources */ = {isa = PBXBuildFile; fileRef = 750FE2A49FB88DF459390587 /* ThemedConversationRow.swift */; };
		E5F6A7B8C9D0E1F2A3B4C5D6 /* FeedViewModel.swift in Sources */ = {isa = PBXBuildFile; fileRef = F6A7B8C9D0E1F2A3B4C5D6E7 /* FeedViewModel.swift */; };
		E73445377212602BE34F97F6 /* ConversationHelperViews.swift in Sources */ = {isa = PBXBuildFile; fileRef = 2B68A3F235224E0F01B3D8C1 /* ConversationHelperViews.swift */; };
		EDIT002A002A002A002A0002 /* EditProfileView.swift in Sources */ = {isa = PBXBuildFile; fileRef = EDIT001A001A001A001A0001 /* EditProfileView.swift */; };
		EE44FF55AA66BB77CC880003 /* LoginView.swift in Sources */ = {isa = PBXBuildFile; fileRef = EE44FF55AA66BB77CC880033 /* LoginView.swift */; };
		EE55FF66AA77BB88CC990041 /* ConversationAnimatedBackground.swift in Sources */ = {isa = PBXBuildFile; fileRef = EE55FF66AA77BB88CC990040 /* ConversationAnimatedBackground.swift */; };
		EE55FF66AA77BB88CC990043 /* ConversationBackgroundComponents.swift in Sources */ = {isa = PBXBuildFile; fileRef = EE55FF66AA77BB88CC990042 /* ConversationBackgroundComponents.swift */; };
		EE88FF99AA00BB11CC220001 /* EmojiPickerSheet.swift in Sources */ = {isa = PBXBuildFile; fileRef = EE88FF99AA00BB11CC220002 /* EmojiPickerSheet.swift */; };
		F4C7456988D1A94EA54DBAEE /* ConversationListView.swift in Sources */ = {isa = PBXBuildFile; fileRef = C83758F8E8BD422CF1E9551E /* ConversationListView.swift */; };
		FEEDATT0B0B0B0B0B0B00002 /* FeedView+Attachments.swift in Sources */ = {isa = PBXBuildFile; fileRef = FEEDATT0A0A0A0A0A0A00001 /* FeedView+Attachments.swift */; };
		FF55AA66BB77CC880001DD02 /* ConversationViewModel.swift in Sources */ = {isa = PBXBuildFile; fileRef = FF55AA66BB77CC880001EE02 /* ConversationViewModel.swift */; };
		GALLERY001B001B001B00002 /* ConversationMediaGalleryView.swift in Sources */ = {isa = PBXBuildFile; fileRef = GALLERY001A001A001A00001 /* ConversationMediaGalleryView.swift */; };
		GS3200000000002F32 /* GlobalSearchView.swift in Sources */ = {isa = PBXBuildFile; fileRef = GS3200000000001F32 /* GlobalSearchView.swift */; };
		GS3300000000002F33 /* GlobalSearchViewModel.swift in Sources */ = {isa = PBXBuildFile; fileRef = GS3300000000001F33 /* GlobalSearchViewModel.swift */; };
		IC3900000000002F39 /* IncomingCallView.swift in Sources */ = {isa = PBXBuildFile; fileRef = IC3900000000001F39 /* IncomingCallView.swift */; };
		L10N0001B001B001B001B0002 /* Localizable.xcstrings in Resources */ = {isa = PBXBuildFile; fileRef = L10N0001A001A001A001A0001 /* Localizable.xcstrings */; };
		ML2700000000002F27 /* MagicLinkView.swift in Sources */ = {isa = PBXBuildFile; fileRef = ML2700000000001F27 /* MagicLinkView.swift */; };
		MUIEXP002A002A002A002A02 /* MeeshyUIExports.swift in Sources */ = {isa = PBXBuildFile; fileRef = MUIEXP001A001A001A001A01 /* MeeshyUIExports.swift */; };
		NEWCONV002A3B4C5D6E7F8901 /* NewConversationView.swift in Sources */ = {isa = PBXBuildFile; fileRef = NEWCONV001A3B4C5D6E7F8901 /* NewConversationView.swift */; };
		NTIF002A002A002A002A0002 /* NotificationSettingsView.swift in Sources */ = {isa = PBXBuildFile; fileRef = NTIF001A001A001A001A0001 /* NotificationSettingsView.swift */; };
		OB2900000000002F29 /* OnboardingView.swift in Sources */ = {isa = PBXBuildFile; fileRef = OB2900000000001F29 /* OnboardingView.swift */; };
		OF3000000000002F30 /* OfflineBanner.swift in Sources */ = {isa = PBXBuildFile; fileRef = OF3000000000001F30 /* OfflineBanner.swift */; };
		PP2500000000002F25 /* ParticipantsView.swift in Sources */ = {isa = PBXBuildFile; fileRef = PP2500000000001F25 /* ParticipantsView.swift */; };
		PP2600000000002F26 /* AddParticipantSheet.swift in Sources */ = {isa = PBXBuildFile; fileRef = PP2600000000001F26 /* AddParticipantSheet.swift */; };
		PRIV002A002A002A002A0002 /* PrivacySettingsView.swift in Sources */ = {isa = PBXBuildFile; fileRef = PRIV001A001A001A001A0001 /* PrivacySettingsView.swift */; };
		PROF002A002A002A002A0002 /* ProfileView.swift in Sources */ = {isa = PBXBuildFile; fileRef = PROF001A001A001A001A0001 /* ProfileView.swift */; };
		RR1100000000002F01 /* Router.swift in Sources */ = {isa = PBXBuildFile; fileRef = RR1100000000001F01 /* Router.swift */; };
		SECV002A002A002A002A0002 /* SecurityView.swift in Sources */ = {isa = PBXBuildFile; fileRef = SECV001A001A001A001A0001 /* SecurityView.swift */; };
		SETT002A002A002A002A0002 /* SettingsView.swift in Sources */ = {isa = PBXBuildFile; fileRef = SETT001A001A001A001A0001 /* SettingsView.swift */; };
		SP3400000000002F34 /* SharePickerView.swift in Sources */ = {isa = PBXBuildFile; fileRef = SP3400000000001F34 /* SharePickerView.swift */; };
		TM2800000000002F28 /* ToastManager.swift in Sources */ = {isa = PBXBuildFile; fileRef = TM2800000000001F28 /* ToastManager.swift */; };
		WP3500000000002F35 /* WidgetPreviewView.swift in Sources */ = {isa = PBXBuildFile; fileRef = WP3500000000001F35 /* WidgetPreviewView.swift */; };
		WR3700000000002F37 /* WebRTCService.swift in Sources */ = {isa = PBXBuildFile; fileRef = WR3700000000001F37 /* WebRTCService.swift */; };
/* End PBXBuildFile section */

/* Begin PBXFileReference section */
		04F74C3B482B09AEDCB4FCB0 /* ConversationView+Header.swift */ = {isa = PBXFileReference; includeInIndex = 1; lastKnownFileType = sourcecode.swift; path = "ConversationView+Header.swift"; sourceTree = "<group>"; };
		0A8803B4442F5F663F4D5B63 /* ConversationListHelpers.swift */ = {isa = PBXFileReference; includeInIndex = 1; lastKnownFileType = sourcecode.swift; path = ConversationListHelpers.swift; sourceTree = "<group>"; };
		13A020468B6C8367F8121928 /* Assets.xcassets */ = {isa = PBXFileReference; lastKnownFileType = folder.assetcatalog; path = Assets.xcassets; sourceTree = "<group>"; };
		161B698A5C7ABD5B61A9F071 /* ThemedMessageBubble+Media.swift */ = {isa = PBXFileReference; includeInIndex = 1; lastKnownFileType = sourcecode.swift; path = "ThemedMessageBubble+Media.swift"; sourceTree = "<group>"; };
		1FB62C70416559B542F3329F /* OnboardingAnimations.swift */ = {isa = PBXFileReference; includeInIndex = 1; lastKnownFileType = sourcecode.swift; path = OnboardingAnimations.swift; sourceTree = "<group>"; };
		22D7D8C0B82CB88F1D3D5CA2 /* AppDelegate.swift */ = {isa = PBXFileReference; lastKnownFileType = sourcecode.swift; path = AppDelegate.swift; sourceTree = "<group>"; };
		2B68A3F235224E0F01B3D8C1 /* ConversationHelperViews.swift */ = {isa = PBXFileReference; includeInIndex = 1; lastKnownFileType = sourcecode.swift; path = ConversationHelperViews.swift; sourceTree = "<group>"; };
		31BB909122D8D9361EC72DF1 /* RootView.swift */ = {isa = PBXFileReference; lastKnownFileType = sourcecode.swift; path = RootView.swift; sourceTree = "<group>"; };
		467B3BA1305D0EA5CEFF3EEE /* Meeshy.entitlements */ = {isa = PBXFileReference; lastKnownFileType = text.plist.entitlements; path = Meeshy.entitlements; sourceTree = "<group>"; };
		553CE480C5B7C55136F3B3B4 /* ConversationView+AttachmentHandlers.swift */ = {isa = PBXFileReference; includeInIndex = 1; lastKnownFileType = sourcecode.swift; path = "ConversationView+AttachmentHandlers.swift"; sourceTree = "<group>"; };
		56FAE7930C60B05A39A5DAF2 /* ConversationMediaViews.swift */ = {isa = PBXFileReference; includeInIndex = 1; lastKnownFileType = sourcecode.swift; path = ConversationMediaViews.swift; sourceTree = "<group>"; };
		5832205F0A09E149C8B976A8 /* Meeshy.app */ = {isa = PBXFileReference; includeInIndex = 0; lastKnownFileType = wrapper.application; path = Meeshy.app; sourceTree = BUILT_PRODUCTS_DIR; };
		60EE19EAAF10B595D04E99F8 /* ConversationView.swift */ = {isa = PBXFileReference; lastKnownFileType = sourcecode.swift; path = ConversationView.swift; sourceTree = "<group>"; };
		631E4BD5FAADD58E16760AF9 /* ConversationView+MessageRow.swift */ = {isa = PBXFileReference; includeInIndex = 1; lastKnownFileType = sourcecode.swift; path = "ConversationView+MessageRow.swift"; sourceTree = "<group>"; };
		67CC3F2F25BE7ED204EC43B5 /* ConversationListView+Overlays.swift */ = {isa = PBXFileReference; includeInIndex = 1; lastKnownFileType = sourcecode.swift; path = "ConversationListView+Overlays.swift"; sourceTree = "<group>"; };
		67D6DD3DD18D11CD174DF95C /* MessageComposer.swift */ = {isa = PBXFileReference; lastKnownFileType = sourcecode.swift; path = MessageComposer.swift; sourceTree = "<group>"; };
		694F8FDCDD76F6AEB93FFEAE /* OverlayMenu.swift */ = {isa = PBXFileReference; lastKnownFileType = sourcecode.swift; path = OverlayMenu.swift; sourceTree = "<group>"; };
		6A9158CD2F0C3B689AB0ACF4 /* FeedView.swift */ = {isa = PBXFileReference; lastKnownFileType = sourcecode.swift; path = FeedView.swift; sourceTree = "<group>"; };
		6B4592BA9A00EF9FA3BBEE07 /* OnboardingFlowView.swift */ = {isa = PBXFileReference; includeInIndex = 1; lastKnownFileType = sourcecode.swift; path = OnboardingFlowView.swift; sourceTree = "<group>"; };
		750FE2A49FB88DF459390587 /* ThemedConversationRow.swift */ = {isa = PBXFileReference; includeInIndex = 1; lastKnownFileType = sourcecode.swift; path = ThemedConversationRow.swift; sourceTree = "<group>"; };
		7D674426B581D850405E32AE /* Info.plist */ = {isa = PBXFileReference; lastKnownFileType = text.plist; path = Info.plist; sourceTree = "<group>"; };
		8E243312C4FE9B69E3D649F7 /* ThemedMessageBubble.swift */ = {isa = PBXFileReference; includeInIndex = 1; lastKnownFileType = sourcecode.swift; path = ThemedMessageBubble.swift; sourceTree = "<group>"; };
		A82FC9616A29206D7B9D9C42 /* ConversationView+ScrollIndicators.swift */ = {isa = PBXFileReference; includeInIndex = 1; lastKnownFileType = sourcecode.swift; path = "ConversationView+ScrollIndicators.swift"; sourceTree = "<group>"; };
		AA00BB11CC22DD33EE440011 /* Conversation.swift */ = {isa = PBXFileReference; lastKnownFileType = sourcecode.swift; path = Conversation.swift; sourceTree = "<group>"; };
		AA00BB11CC22DD33EE440012 /* Message.swift */ = {isa = PBXFileReference; lastKnownFileType = sourcecode.swift; path = Message.swift; sourceTree = "<group>"; };
		AA00BB11CC22DD33EE440013 /* FeedModels.swift */ = {isa = PBXFileReference; lastKnownFileType = sourcecode.swift; path = FeedModels.swift; sourceTree = "<group>"; };
		AA00BB11CC22DD33EE440014 /* SampleData.swift */ = {isa = PBXFileReference; lastKnownFileType = sourcecode.swift; path = SampleData.swift; sourceTree = "<group>"; };
		AA00BB11CC22DD33EE440015 /* RootViewComponents.swift */ = {isa = PBXFileReference; lastKnownFileType = sourcecode.swift; path = RootViewComponents.swift; sourceTree = "<group>"; };
		AA00BB11CC22DD33EE440017 /* MessageModels.swift */ = {isa = PBXFileReference; lastKnownFileType = sourcecode.swift; path = MessageModels.swift; sourceTree = "<group>"; };
		AA00BB11CC22DD33EE440018 /* AuthModels.swift */ = {isa = PBXFileReference; lastKnownFileType = sourcecode.swift; path = AuthModels.swift; sourceTree = "<group>"; };
		AA00BB11CC22DD33EE44001A /* PostModels.swift */ = {isa = PBXFileReference; lastKnownFileType = sourcecode.swift; path = PostModels.swift; sourceTree = "<group>"; };
		AA00BB11CC22DD33EE44001B /* StoryModels.swift */ = {isa = PBXFileReference; lastKnownFileType = sourcecode.swift; path = StoryModels.swift; sourceTree = "<group>"; };
		AA00BB11CC22DD33EE440031 /* FeedPostCard.swift */ = {isa = PBXFileReference; lastKnownFileType = sourcecode.swift; path = FeedPostCard.swift; sourceTree = "<group>"; };
		AA00BB11CC22DD33EE440032 /* FeedPostCard+Media.swift */ = {isa = PBXFileReference; lastKnownFileType = sourcecode.swift; path = "FeedPostCard+Media.swift"; sourceTree = "<group>"; };
		AA00BB11CC22DD33EE440033 /* FeedCommentsSheet.swift */ = {isa = PBXFileReference; lastKnownFileType = sourcecode.swift; path = FeedCommentsSheet.swift; sourceTree = "<group>"; };
		AA1000000000001FA1 /* UploadProgressBar.swift */ = {isa = PBXFileReference; lastKnownFileType = sourcecode.swift; path = UploadProgressBar.swift; sourceTree = "<group>"; };
		AA2000000000001FA2 /* LocationPickerView.swift */ = {isa = PBXFileReference; lastKnownFileType = sourcecode.swift; path = LocationPickerView.swift; sourceTree = "<group>"; };
		AA3000000000001FA3 /* MediaCompressor.swift */ = {isa = PBXFileReference; lastKnownFileType = sourcecode.swift; path = MediaCompressor.swift; sourceTree = "<group>"; };
		AA5000000000001FA5 /* VideoPreviewView.swift */ = {isa = PBXFileReference; lastKnownFileType = sourcecode.swift; path = VideoPreviewView.swift; sourceTree = "<group>"; };
		AA6000000000001FA6 /* AttachmentSendService.swift */ = {isa = PBXFileReference; lastKnownFileType = sourcecode.swift; path = AttachmentSendService.swift; sourceTree = "<group>"; };
		AABB00110022EE01 /* PresenceManager.swift */ = {isa = PBXFileReference; lastKnownFileType = sourcecode.swift; path = PresenceManager.swift; sourceTree = "<group>"; };
		AACC00220033EE01 /* AudioRecorderManager.swift */ = {isa = PBXFileReference; lastKnownFileType = sourcecode.swift; path = AudioRecorderManager.swift; sourceTree = "<group>"; };
		AB514257655035123C7AD2F8 /* ConversationView+Composer.swift */ = {isa = PBXFileReference; includeInIndex = 1; lastKnownFileType = sourcecode.swift; path = "ConversationView+Composer.swift"; sourceTree = "<group>"; };
		BB22CC33DD44EE55FF660022 /* StoryViewModel.swift */ = {isa = PBXFileReference; lastKnownFileType = sourcecode.swift; path = StoryViewModel.swift; sourceTree = "<group>"; };
		BB22CC33DD44EE55FF660033 /* StatusViewModel.swift */ = {isa = PBXFileReference; lastKnownFileType = sourcecode.swift; path = StatusViewModel.swift; sourceTree = "<group>"; };
		BB22CC33DD44EE55FF660044 /* StoryTrayView.swift */ = {isa = PBXFileReference; lastKnownFileType = sourcecode.swift; path = StoryTrayView.swift; sourceTree = "<group>"; };
		BB22CC33DD44EE55FF660055 /* StoryViewerView.swift */ = {isa = PBXFileReference; lastKnownFileType = sourcecode.swift; path = StoryViewerView.swift; sourceTree = "<group>"; };
		BB22CC33DD44EE55FF660057 /* StoryViewerView+Content.swift */ = {isa = PBXFileReference; lastKnownFileType = sourcecode.swift; path = "StoryViewerView+Content.swift"; sourceTree = "<group>"; };
		BB22CC33DD44EE55FF660066 /* StatusBarView.swift */ = {isa = PBXFileReference; lastKnownFileType = sourcecode.swift; path = StatusBarView.swift; sourceTree = "<group>"; };
		BB22CC33DD44EE55FF660077 /* StatusComposerView.swift */ = {isa = PBXFileReference; lastKnownFileType = sourcecode.swift; path = StatusComposerView.swift; sourceTree = "<group>"; };
		BB7000000000001FB7 /* ImageEditView.swift */ = {isa = PBXFileReference; lastKnownFileType = sourcecode.swift; path = ImageEditView.swift; sourceTree = "<group>"; };
		BB8000000000001FB8 /* ImageFilterEngine.swift */ = {isa = PBXFileReference; lastKnownFileType = sourcecode.swift; path = ImageFilterEngine.swift; sourceTree = "<group>"; };
		BC091A1BD89E4244D04EAED9 /* MeeshyApp.swift */ = {isa = PBXFileReference; lastKnownFileType = sourcecode.swift; path = MeeshyApp.swift; sourceTree = "<group>"; };
		BLKU001A001A001A001A0001 /* BlockedUsersView.swift */ = {isa = PBXFileReference; lastKnownFileType = sourcecode.swift; path = BlockedUsersView.swift; sourceTree = "<group>"; };
		C83758F8E8BD422CF1E9551E /* ConversationListView.swift */ = {isa = PBXFileReference; lastKnownFileType = sourcecode.swift; path = ConversationListView.swift; sourceTree = "<group>"; };
		CB3100000000001F31 /* ConnectionBanner.swift */ = {isa = PBXFileReference; lastKnownFileType = sourcecode.swift; path = ConnectionBanner.swift; sourceTree = "<group>"; };
		CC1000000000001F10 /* MediaPlayerContext.swift */ = {isa = PBXFileReference; lastKnownFileType = sourcecode.swift; path = MediaPlayerContext.swift; sourceTree = "<group>"; };
		CC11DD22EE33FF44AA550099 /* StatusBubbleOverlay.swift */ = {isa = PBXFileReference; lastKnownFileType = sourcecode.swift; path = StatusBubbleOverlay.swift; sourceTree = "<group>"; };
		CC11DD22EE33FF44AA5500AA /* UniversalComposerBar.swift */ = {isa = PBXFileReference; lastKnownFileType = sourcecode.swift; path = UniversalComposerBar.swift; sourceTree = "<group>"; };
		CC11DD22EE33FF44AA5500AC /* ComposerModels.swift */ = {isa = PBXFileReference; lastKnownFileType = sourcecode.swift; path = ComposerModels.swift; sourceTree = "<group>"; };
		CC11DD22EE33FF44AA5500AD /* UniversalComposerBar+Recording.swift */ = {isa = PBXFileReference; lastKnownFileType = sourcecode.swift; path = "UniversalComposerBar+Recording.swift"; sourceTree = "<group>"; };
		CC11DD22EE33FF44AA5500AE /* UniversalComposerBar+Attachments.swift */ = {isa = PBXFileReference; lastKnownFileType = sourcecode.swift; path = "UniversalComposerBar+Attachments.swift"; sourceTree = "<group>"; };
		CC1700000000001F17 /* MessageOverlayMenu.swift */ = {isa = PBXFileReference; lastKnownFileType = sourcecode.swift; path = MessageOverlayMenu.swift; sourceTree = "<group>"; };
		CC1800000000001F18 /* MessageInfoSheet.swift */ = {isa = PBXFileReference; lastKnownFileType = sourcecode.swift; path = MessageInfoSheet.swift; sourceTree = "<group>"; };
		CC1900000000001F19 /* ForwardPickerSheet.swift */ = {isa = PBXFileReference; lastKnownFileType = sourcecode.swift; path = ForwardPickerSheet.swift; sourceTree = "<group>"; };
		CC1900000000003F19 /* ConversationInfoSheet.swift */ = {isa = PBXFileReference; lastKnownFileType = sourcecode.swift; path = ConversationInfoSheet.swift; sourceTree = "<group>"; };
		CC2000000000001F20 /* CameraView.swift */ = {isa = PBXFileReference; lastKnownFileType = sourcecode.swift; path = CameraView.swift; sourceTree = "<group>"; };
		CC2100000000001F21 /* ReportMessageSheet.swift */ = {isa = PBXFileReference; lastKnownFileType = sourcecode.swift; path = ReportMessageSheet.swift; sourceTree = "<group>"; };
		CC2200000000001F22 /* MessageDetailSheet.swift */ = {isa = PBXFileReference; lastKnownFileType = sourcecode.swift; path = MessageDetailSheet.swift; sourceTree = "<group>"; };
		CC2300000000001F23 /* ConversationLockSheet.swift */ = {isa = PBXFileReference; lastKnownFileType = sourcecode.swift; path = ConversationLockSheet.swift; sourceTree = "<group>"; };
		CC2400000000001F24 /* ConversationLockManager.swift */ = {isa = PBXFileReference; lastKnownFileType = sourcecode.swift; path = ConversationLockManager.swift; sourceTree = "<group>"; };
		CC4000000000001F40 /* ContactCardView.swift */ = {isa = PBXFileReference; lastKnownFileType = sourcecode.swift; path = ContactCardView.swift; sourceTree = "<group>"; };
		CHPW001A001A001A001A0001 /* ChangePasswordView.swift */ = {isa = PBXFileReference; lastKnownFileType = sourcecode.swift; path = ChangePasswordView.swift; sourceTree = "<group>"; };
		CM3600000000001F36 /* CallManager.swift */ = {isa = PBXFileReference; lastKnownFileType = sourcecode.swift; path = CallManager.swift; sourceTree = "<group>"; };
		CV3800000000001F38 /* CallView.swift */ = {isa = PBXFileReference; lastKnownFileType = sourcecode.swift; path = CallView.swift; sourceTree = "<group>"; };
		DA190704EDDA2E1CA660F898 /* OnboardingStepViews.swift */ = {isa = PBXFileReference; includeInIndex = 1; lastKnownFileType = sourcecode.swift; path = OnboardingStepViews.swift; sourceTree = "<group>"; };
		DD33EE44FF55AA66BB770021 /* ConversationListViewModel.swift */ = {isa = PBXFileReference; lastKnownFileType = sourcecode.swift; path = ConversationListViewModel.swift; sourceTree = "<group>"; };
		DL1100000000001F01 /* DeepLinkRouter.swift */ = {isa = PBXFileReference; lastKnownFileType = sourcecode.swift; path = DeepLinkRouter.swift; sourceTree = "<group>"; };
		EDIT001A001A001A001A0001 /* EditProfileView.swift */ = {isa = PBXFileReference; lastKnownFileType = sourcecode.swift; path = EditProfileView.swift; sourceTree = "<group>"; };
		EE44FF55AA66BB77CC880033 /* LoginView.swift */ = {isa = PBXFileReference; lastKnownFileType = sourcecode.swift; path = LoginView.swift; sourceTree = "<group>"; };
		EE55FF66AA77BB88CC990040 /* ConversationAnimatedBackground.swift */ = {isa = PBXFileReference; lastKnownFileType = sourcecode.swift; path = ConversationAnimatedBackground.swift; sourceTree = "<group>"; };
		EE55FF66AA77BB88CC990042 /* ConversationBackgroundComponents.swift */ = {isa = PBXFileReference; lastKnownFileType = sourcecode.swift; path = ConversationBackgroundComponents.swift; sourceTree = "<group>"; };
		EE88FF99AA00BB11CC220002 /* EmojiPickerSheet.swift */ = {isa = PBXFileReference; lastKnownFileType = sourcecode.swift; path = EmojiPickerSheet.swift; sourceTree = "<group>"; };
		F6A7B8C9D0E1F2A3B4C5D6E7 /* FeedViewModel.swift */ = {isa = PBXFileReference; lastKnownFileType = sourcecode.swift; path = FeedViewModel.swift; sourceTree = "<group>"; };
		FEEDATT0A0A0A0A0A0A00001 /* FeedView+Attachments.swift */ = {isa = PBXFileReference; lastKnownFileType = sourcecode.swift; path = "FeedView+Attachments.swift"; sourceTree = "<group>"; };
		FF55AA66BB77CC880001EE02 /* ConversationViewModel.swift */ = {isa = PBXFileReference; lastKnownFileType = sourcecode.swift; path = ConversationViewModel.swift; sourceTree = "<group>"; };
		GALLERY001A001A001A00001 /* ConversationMediaGalleryView.swift */ = {isa = PBXFileReference; includeInIndex = 1; lastKnownFileType = sourcecode.swift; path = ConversationMediaGalleryView.swift; sourceTree = "<group>"; };
		GS3200000000001F32 /* GlobalSearchView.swift */ = {isa = PBXFileReference; lastKnownFileType = sourcecode.swift; path = GlobalSearchView.swift; sourceTree = "<group>"; };
		GS3300000000001F33 /* GlobalSearchViewModel.swift */ = {isa = PBXFileReference; lastKnownFileType = sourcecode.swift; path = GlobalSearchViewModel.swift; sourceTree = "<group>"; };
		IC3900000000001F39 /* IncomingCallView.swift */ = {isa = PBXFileReference; lastKnownFileType = sourcecode.swift; path = IncomingCallView.swift; sourceTree = "<group>"; };
		L10N0001A001A001A001A0001 /* Localizable.xcstrings */ = {isa = PBXFileReference; lastKnownFileType = text.json.xcstrings; path = Localizable.xcstrings; sourceTree = "<group>"; };
		ML2700000000001F27 /* MagicLinkView.swift */ = {isa = PBXFileReference; lastKnownFileType = sourcecode.swift; path = MagicLinkView.swift; sourceTree = "<group>"; };
		MUIEXP001A001A001A001A01 /* MeeshyUIExports.swift */ = {isa = PBXFileReference; lastKnownFileType = sourcecode.swift; path = MeeshyUIExports.swift; sourceTree = "<group>"; };
		NEWCONV001A3B4C5D6E7F8901 /* NewConversationView.swift */ = {isa = PBXFileReference; lastKnownFileType = sourcecode.swift; path = NewConversationView.swift; sourceTree = "<group>"; };
		NTIF001A001A001A001A0001 /* NotificationSettingsView.swift */ = {isa = PBXFileReference; lastKnownFileType = sourcecode.swift; path = NotificationSettingsView.swift; sourceTree = "<group>"; };
		OB2900000000001F29 /* OnboardingView.swift */ = {isa = PBXFileReference; lastKnownFileType = sourcecode.swift; path = OnboardingView.swift; sourceTree = "<group>"; };
		OF3000000000001F30 /* OfflineBanner.swift */ = {isa = PBXFileReference; lastKnownFileType = sourcecode.swift; path = OfflineBanner.swift; sourceTree = "<group>"; };
		PP2500000000001F25 /* ParticipantsView.swift */ = {isa = PBXFileReference; lastKnownFileType = sourcecode.swift; path = ParticipantsView.swift; sourceTree = "<group>"; };
		PP2600000000001F26 /* AddParticipantSheet.swift */ = {isa = PBXFileReference; lastKnownFileType = sourcecode.swift; path = AddParticipantSheet.swift; sourceTree = "<group>"; };
		PRIV001A001A001A001A0001 /* PrivacySettingsView.swift */ = {isa = PBXFileReference; lastKnownFileType = sourcecode.swift; path = PrivacySettingsView.swift; sourceTree = "<group>"; };
		PROF001A001A001A001A0001 /* ProfileView.swift */ = {isa = PBXFileReference; lastKnownFileType = sourcecode.swift; path = ProfileView.swift; sourceTree = "<group>"; };
		RR1100000000001F01 /* Router.swift */ = {isa = PBXFileReference; lastKnownFileType = sourcecode.swift; path = Router.swift; sourceTree = "<group>"; };
		SECV001A001A001A001A0001 /* SecurityView.swift */ = {isa = PBXFileReference; lastKnownFileType = sourcecode.swift; path = SecurityView.swift; sourceTree = "<group>"; };
		SETT001A001A001A001A0001 /* SettingsView.swift */ = {isa = PBXFileReference; lastKnownFileType = sourcecode.swift; path = SettingsView.swift; sourceTree = "<group>"; };
		SP3400000000001F34 /* SharePickerView.swift */ = {isa = PBXFileReference; lastKnownFileType = sourcecode.swift; path = SharePickerView.swift; sourceTree = "<group>"; };
		TM2800000000001F28 /* ToastManager.swift */ = {isa = PBXFileReference; lastKnownFileType = sourcecode.swift; path = ToastManager.swift; sourceTree = "<group>"; };
		WP3500000000001F35 /* WidgetPreviewView.swift */ = {isa = PBXFileReference; lastKnownFileType = sourcecode.swift; path = WidgetPreviewView.swift; sourceTree = "<group>"; };
		WR3700000000001F37 /* WebRTCService.swift */ = {isa = PBXFileReference; lastKnownFileType = sourcecode.swift; path = WebRTCService.swift; sourceTree = "<group>"; };
/* End PBXFileReference section */

/* Begin PBXFrameworksBuildPhase section */
		EE11FF22AA33BB44CC55DD03 /* Frameworks */ = {
			isa = PBXFrameworksBuildPhase;
			buildActionMask = 2147483647;
			files = (
				AABB001100220033 /* MeeshySDK in Frameworks */,
				AABB001100220044 /* MeeshyUI in Frameworks */,
			);
			runOnlyForDeploymentPostprocessing = 0;
		};
/* End PBXFrameworksBuildPhase section */

/* Begin PBXGroup section */
		239EA92B51CC63E846FDE461 /* Components */ = {
			isa = PBXGroup;
			children = (
				CC1000000000001F10 /* MediaPlayerContext.swift */,
				CC1700000000001F17 /* MessageOverlayMenu.swift */,
				CC2100000000001F21 /* ReportMessageSheet.swift */,
				CC2200000000001F22 /* MessageDetailSheet.swift */,
				CC1800000000001F18 /* MessageInfoSheet.swift */,
				CC1900000000001F19 /* ForwardPickerSheet.swift */,
				CC1900000000003F19 /* ConversationInfoSheet.swift */,
				CC2000000000001F20 /* CameraView.swift */,
				AA1000000000001FA1 /* UploadProgressBar.swift */,
				AA2000000000001FA2 /* LocationPickerView.swift */,
				BB7000000000001FB7 /* ImageEditView.swift */,
				AA5000000000001FA5 /* VideoPreviewView.swift */,
				67D6DD3DD18D11CD174DF95C /* MessageComposer.swift */,
				CC11DD22EE33FF44AA550099 /* StatusBubbleOverlay.swift */,
				CC11DD22EE33FF44AA5500AC /* ComposerModels.swift */,
				CC11DD22EE33FF44AA5500AA /* UniversalComposerBar.swift */,
				CC11DD22EE33FF44AA5500AD /* UniversalComposerBar+Recording.swift */,
				CC11DD22EE33FF44AA5500AE /* UniversalComposerBar+Attachments.swift */,
				CC2300000000001F23 /* ConversationLockSheet.swift */,
				PP2600000000001F26 /* AddParticipantSheet.swift */,
				OF3000000000001F30 /* OfflineBanner.swift */,
				CB3100000000001F31 /* ConnectionBanner.swift */,
				CC4000000000001F40 /* ContactCardView.swift */,
			);
			path = Components;
			sourceTree = "<group>";
		};
		3D60ECC1939C8732A23D9270 /* Main */ = {
			isa = PBXGroup;
			children = (
				239EA92B51CC63E846FDE461 /* Components */,
				DD00AA11BB22CC33EE44FF01 /* Models */,
				RR1100000000003F01 /* Navigation */,
				AABB00110022DD01 /* Services */,
				B8C9D0E1F2A3B4C5D6E7F8A9 /* ViewModels */,
				937EE8EE8FCFAC22BCD07F51 /* Views */,
			);
			path = Main;
			sourceTree = "<group>";
		};
		437B1D92F1A225C5E1B044C2 /* Meeshy */ = {
			isa = PBXGroup;
			children = (
				13A020468B6C8367F8121928 /* Assets.xcassets */,
				L10N0001A001A001A001A0001 /* Localizable.xcstrings */,
				7D674426B581D850405E32AE /* Info.plist */,
				467B3BA1305D0EA5CEFF3EEE /* Meeshy.entitlements */,
				BC091A1BD89E4244D04EAED9 /* MeeshyApp.swift */,
				22D7D8C0B82CB88F1D3D5CA2 /* AppDelegate.swift */,
				MUIEXP001A001A001A001A01 /* MeeshyUIExports.swift */,
				DCB1A7308B47ADD1671F2CED /* Features */,
			);
			path = Meeshy;
			sourceTree = "<group>";
		};
		4B839730A63FC9359E52BECF = {
			isa = PBXGroup;
			children = (
				437B1D92F1A225C5E1B044C2 /* Meeshy */,
				F121C0AAA9428DB850C5DC59 /* Products */,
			);
			sourceTree = "<group>";
		};
		937EE8EE8FCFAC22BCD07F51 /* Views */ = {
			isa = PBXGroup;
			children = (
				EE55FF66AA77BB88CC990040 /* ConversationAnimatedBackground.swift */,
				EE55FF66AA77BB88CC990042 /* ConversationBackgroundComponents.swift */,
				C83758F8E8BD422CF1E9551E /* ConversationListView.swift */,
				60EE19EAAF10B595D04E99F8 /* ConversationView.swift */,
				PROF001A001A001A001A0001 /* ProfileView.swift */,
				SETT001A001A001A001A0001 /* SettingsView.swift */,
				PRIV001A001A001A001A0001 /* PrivacySettingsView.swift */,
				NTIF001A001A001A001A0001 /* NotificationSettingsView.swift */,
				EDIT001A001A001A001A0001 /* EditProfileView.swift */,
				CHPW001A001A001A001A0001 /* ChangePasswordView.swift */,
				SECV001A001A001A001A0001 /* SecurityView.swift */,
				BLKU001A001A001A001A0001 /* BlockedUsersView.swift */,
				NEWCONV001A3B4C5D6E7F8901 /* NewConversationView.swift */,
				EE88FF99AA00BB11CC220002 /* EmojiPickerSheet.swift */,
				AA00BB11CC22DD33EE440033 /* FeedCommentsSheet.swift */,
				AA00BB11CC22DD33EE440031 /* FeedPostCard.swift */,
				AA00BB11CC22DD33EE440032 /* FeedPostCard+Media.swift */,
				6A9158CD2F0C3B689AB0ACF4 /* FeedView.swift */,
				FEEDATT0A0A0A0A0A0A00001 /* FeedView+Attachments.swift */,
				EE44FF55AA66BB77CC880033 /* LoginView.swift */,
				ML2700000000001F27 /* MagicLinkView.swift */,
				OB2900000000001F29 /* OnboardingView.swift */,
				694F8FDCDD76F6AEB93FFEAE /* OverlayMenu.swift */,
				31BB909122D8D9361EC72DF1 /* RootView.swift */,
				AA00BB11CC22DD33EE440015 /* RootViewComponents.swift */,
				SP3400000000001F34 /* SharePickerView.swift */,
				BB22CC33DD44EE55FF660044 /* StoryTrayView.swift */,
				BB22CC33DD44EE55FF660055 /* StoryViewerView.swift */,
				BB22CC33DD44EE55FF660057 /* StoryViewerView+Content.swift */,
				BB22CC33DD44EE55FF660066 /* StatusBarView.swift */,
				BB22CC33DD44EE55FF660077 /* StatusComposerView.swift */,
				750FE2A49FB88DF459390587 /* ThemedConversationRow.swift */,
				0A8803B4442F5F663F4D5B63 /* ConversationListHelpers.swift */,
				67CC3F2F25BE7ED204EC43B5 /* ConversationListView+Overlays.swift */,
				631E4BD5FAADD58E16760AF9 /* ConversationView+MessageRow.swift */,
				04F74C3B482B09AEDCB4FCB0 /* ConversationView+Header.swift */,
				A82FC9616A29206D7B9D9C42 /* ConversationView+ScrollIndicators.swift */,
				AB514257655035123C7AD2F8 /* ConversationView+Composer.swift */,
				553CE480C5B7C55136F3B3B4 /* ConversationView+AttachmentHandlers.swift */,
				8E243312C4FE9B69E3D649F7 /* ThemedMessageBubble.swift */,
				161B698A5C7ABD5B61A9F071 /* ThemedMessageBubble+Media.swift */,
				56FAE7930C60B05A39A5DAF2 /* ConversationMediaViews.swift */,
				GALLERY001A001A001A00001 /* ConversationMediaGalleryView.swift */,
				2B68A3F235224E0F01B3D8C1 /* ConversationHelperViews.swift */,
				PP2500000000001F25 /* ParticipantsView.swift */,
				GS3200000000001F32 /* GlobalSearchView.swift */,
				WP3500000000001F35 /* WidgetPreviewView.swift */,
				CV3800000000001F38 /* CallView.swift */,
				IC3900000000001F39 /* IncomingCallView.swift */,
			);
			path = Views;
			sourceTree = "<group>";
		};
		AABB00110022DD01 /* Services */ = {
			isa = PBXGroup;
			children = (
				AACC00220033EE01 /* AudioRecorderManager.swift */,
				AABB00110022EE01 /* PresenceManager.swift */,
				AA3000000000001FA3 /* MediaCompressor.swift */,
				AA6000000000001FA6 /* AttachmentSendService.swift */,
				CC2400000000001F24 /* ConversationLockManager.swift */,
				BB8000000000001FB8 /* ImageFilterEngine.swift */,
				TM2800000000001F28 /* ToastManager.swift */,
				CM3600000000001F36 /* CallManager.swift */,
				WR3700000000001F37 /* WebRTCService.swift */,
			);
			path = Services;
			sourceTree = "<group>";
		};
		B221DC6C45B2A0662AEA790D /* Auth */ = {
			isa = PBXGroup;
			children = (
				D228B0D1B6B950E7D7B2CA3D /* Onboarding */,
			);
			name = Auth;
			path = Auth;
			sourceTree = "<group>";
		};
		B8C9D0E1F2A3B4C5D6E7F8A9 /* ViewModels */ = {
			isa = PBXGroup;
			children = (
				DD33EE44FF55AA66BB770021 /* ConversationListViewModel.swift */,
				FF55AA66BB77CC880001EE02 /* ConversationViewModel.swift */,
				F6A7B8C9D0E1F2A3B4C5D6E7 /* FeedViewModel.swift */,
				BB22CC33DD44EE55FF660022 /* StoryViewModel.swift */,
				BB22CC33DD44EE55FF660033 /* StatusViewModel.swift */,
				GS3300000000001F33 /* GlobalSearchViewModel.swift */,
			);
			path = ViewModels;
			sourceTree = "<group>";
		};
		D228B0D1B6B950E7D7B2CA3D /* Onboarding */ = {
			isa = PBXGroup;
			children = (
				1FB62C70416559B542F3329F /* OnboardingAnimations.swift */,
				DA190704EDDA2E1CA660F898 /* OnboardingStepViews.swift */,
				6B4592BA9A00EF9FA3BBEE07 /* OnboardingFlowView.swift */,
			);
			name = Onboarding;
			path = Onboarding;
			sourceTree = "<group>";
		};
		DCB1A7308B47ADD1671F2CED /* Features */ = {
			isa = PBXGroup;
			children = (
				3D60ECC1939C8732A23D9270 /* Main */,
				B221DC6C45B2A0662AEA790D /* Auth */,
			);
			path = Features;
			sourceTree = "<group>";
		};
		DD00AA11BB22CC33EE44FF01 /* Models */ = {
			isa = PBXGroup;
			children = (
				AA00BB11CC22DD33EE440011 /* Conversation.swift */,
				AA00BB11CC22DD33EE440013 /* FeedModels.swift */,
				AA00BB11CC22DD33EE440012 /* Message.swift */,
				AA00BB11CC22DD33EE440017 /* MessageModels.swift */,
				AA00BB11CC22DD33EE440014 /* SampleData.swift */,
				AA00BB11CC22DD33EE44001B /* StoryModels.swift */,
				AA00BB11CC22DD33EE44001A /* PostModels.swift */,
				AA00BB11CC22DD33EE440018 /* AuthModels.swift */,
			);
			path = Models;
			sourceTree = "<group>";
		};
		F121C0AAA9428DB850C5DC59 /* Products */ = {
			isa = PBXGroup;
			children = (
				5832205F0A09E149C8B976A8 /* Meeshy.app */,
			);
			name = Products;
			sourceTree = "<group>";
		};
		RR1100000000003F01 /* Navigation */ = {
			isa = PBXGroup;
			children = (
				DL1100000000001F01 /* DeepLinkRouter.swift */,
				RR1100000000001F01 /* Router.swift */,
			);
			path = Navigation;
			sourceTree = "<group>";
		};
/* End PBXGroup section */

/* Begin PBXNativeTarget section */
		9999AD8C50CACBF85DF613CF /* Meeshy */ = {
			isa = PBXNativeTarget;
			buildConfigurationList = 4A720621BA92009C2C297A4D /* Build configuration list for PBXNativeTarget "Meeshy" */;
			buildPhases = (
				A0CA3D341BC3E6EC520974FB /* Sources */,
				EE11FF22AA33BB44CC55DD03 /* Frameworks */,
				23E401F0C251E533DEC02613 /* Resources */,
			);
			buildRules = (
			);
			dependencies = (
			);
			name = Meeshy;
			packageProductDependencies = (
				AABB001100220066 /* MeeshySDK */,
				AABB001100220077 /* MeeshyUI */,
			);
			productName = Meeshy;
			productReference = 5832205F0A09E149C8B976A8 /* Meeshy.app */;
			productType = "com.apple.product-type.application";
		};
/* End PBXNativeTarget section */

/* Begin PBXProject section */
		520FF232375591D2444919CD /* Project object */ = {
			isa = PBXProject;
			attributes = {
				BuildIndependentTargetsInParallel = YES;
				LastUpgradeCheck = 1430;
				TargetAttributes = {
					9999AD8C50CACBF85DF613CF = {
						ProvisioningStyle = Automatic;
					};
				};
			};
			buildConfigurationList = 147F4A57130170E66816D782 /* Build configuration list for PBXProject "Meeshy" */;
			compatibilityVersion = "Xcode 14.0";
			developmentRegion = en;
			hasScannedForEncodings = 0;
			knownRegions = (
				Base,
				en,
			);
			mainGroup = 4B839730A63FC9359E52BECF;
			minimizedProjectReferenceProxies = 1;
			packageReferences = (
				AABB001100220055 /* XCLocalSwiftPackageReference "MeeshySDK" */,
			);
			preferredProjectObjectVersion = 77;
			productRefGroup = F121C0AAA9428DB850C5DC59 /* Products */;
			projectDirPath = "";
			projectRoot = "";
			targets = (
				9999AD8C50CACBF85DF613CF /* Meeshy */,
			);
		};
/* End PBXProject section */

/* Begin PBXResourcesBuildPhase section */
		23E401F0C251E533DEC02613 /* Resources */ = {
			isa = PBXResourcesBuildPhase;
			buildActionMask = 2147483647;
			files = (
				4C9760B519E90994F76DC90A /* Assets.xcassets in Resources */,
				L10N0001B001B001B001B0002 /* Localizable.xcstrings in Resources */,
			);
			runOnlyForDeploymentPostprocessing = 0;
		};
/* End PBXResourcesBuildPhase section */

/* Begin PBXSourcesBuildPhase section */
		A0CA3D341BC3E6EC520974FB /* Sources */ = {
			isa = PBXSourcesBuildPhase;
			buildActionMask = 2147483647;
			files = (
				EE55FF66AA77BB88CC990041 /* ConversationAnimatedBackground.swift in Sources */,
				F4C7456988D1A94EA54DBAEE /* ConversationListView.swift in Sources */,
				2E46EEA2DA493728930C87D8 /* ConversationView.swift in Sources */,
				SETT002A002A002A002A0002 /* SettingsView.swift in Sources */,
				PRIV002A002A002A002A0002 /* PrivacySettingsView.swift in Sources */,
				NTIF002A002A002A002A0002 /* NotificationSettingsView.swift in Sources */,
				PROF002A002A002A002A0002 /* ProfileView.swift in Sources */,
				EDIT002A002A002A002A0002 /* EditProfileView.swift in Sources */,
				CHPW002A002A002A002A0002 /* ChangePasswordView.swift in Sources */,
				SECV002A002A002A002A0002 /* SecurityView.swift in Sources */,
				BLKU002A002A002A002A0002 /* BlockedUsersView.swift in Sources */,
				NEWCONV002A3B4C5D6E7F8901 /* NewConversationView.swift in Sources */,
				AA00BB11CC22DD33EE440023 /* FeedCommentsSheet.swift in Sources */,
				AA00BB11CC22DD33EE440021 /* FeedPostCard.swift in Sources */,
				AA00BB11CC22DD33EE440022 /* FeedPostCard+Media.swift in Sources */,
				6E75FBB8A88317499B405448 /* FeedView.swift in Sources */,
				FEEDATT0B0B0B0B0B0B00002 /* FeedView+Attachments.swift in Sources */,
				470F5AC07EAF99E5F119C3E6 /* MeeshyApp.swift in Sources */,
				009B4248B90F6AC8EE19E3B7 /* AppDelegate.swift in Sources */,
				MUIEXP002A002A002A002A02 /* MeeshyUIExports.swift in Sources */,
				72CD89ACB142EA00D2E6AF80 /* MessageComposer.swift in Sources */,
				63036D51D98A1B79ADC9401D /* OverlayMenu.swift in Sources */,
				CC5DF0610487315B178B7FE5 /* RootView.swift in Sources */,
				E5F6A7B8C9D0E1F2A3B4C5D6 /* FeedViewModel.swift in Sources */,
				AA11BB22CC33DD44EE55FF02 /* StoryViewModel.swift in Sources */,
				AA11BB22CC33DD44EE55FF03 /* StatusViewModel.swift in Sources */,
				AA11BB22CC33DD44EE55FF04 /* StoryTrayView.swift in Sources */,
				AA11BB22CC33DD44EE55FF05 /* StoryViewerView.swift in Sources */,
				AA11BB22CC33DD44EE55FF06 /* StatusBarView.swift in Sources */,
				AA11BB22CC33DD44EE55FF07 /* StatusComposerView.swift in Sources */,
				DD22EE33FF44AA55BB660099 /* StatusBubbleOverlay.swift in Sources */,
				DD22EE33FF44AA55BB6600AA /* UniversalComposerBar.swift in Sources */,
				DD22EE33FF44AA55BB6600AC /* ComposerModels.swift in Sources */,
				DD22EE33FF44AA55BB6600AD /* UniversalComposerBar+Recording.swift in Sources */,
				DD22EE33FF44AA55BB6600AE /* UniversalComposerBar+Attachments.swift in Sources */,
				EE88FF99AA00BB11CC220001 /* EmojiPickerSheet.swift in Sources */,
				DD33EE44FF55AA66BB770022 /* ConversationListViewModel.swift in Sources */,
				EE44FF55AA66BB77CC880003 /* LoginView.swift in Sources */,
				FF55AA66BB77CC880001DD02 /* ConversationViewModel.swift in Sources */,
				CC1000000000002F10 /* MediaPlayerContext.swift in Sources */,
				CC1700000000002F17 /* MessageOverlayMenu.swift in Sources */,
				CC2100000000002F21 /* ReportMessageSheet.swift in Sources */,
				CC2200000000002F22 /* MessageDetailSheet.swift in Sources */,
				CC1800000000002F18 /* MessageInfoSheet.swift in Sources */,
				CC1900000000002F19 /* ForwardPickerSheet.swift in Sources */,
				CC1900000000004F19 /* ConversationInfoSheet.swift in Sources */,
				CC2000000000002F20 /* CameraView.swift in Sources */,
				AA1000000000002FA1 /* UploadProgressBar.swift in Sources */,
				AA2000000000002FA2 /* LocationPickerView.swift in Sources */,
				AA3000000000002FA3 /* MediaCompressor.swift in Sources */,
				BB7000000000002FB7 /* ImageEditView.swift in Sources */,
				BB8000000000002FB8 /* ImageFilterEngine.swift in Sources */,
				AA5000000000002FA5 /* VideoPreviewView.swift in Sources */,
				AA6000000000002FA6 /* AttachmentSendService.swift in Sources */,
				AABB00110022FF01 /* PresenceManager.swift in Sources */,
				AACC00220033FF01 /* AudioRecorderManager.swift in Sources */,
				CC2300000000002F23 /* ConversationLockSheet.swift in Sources */,
				CC2400000000002F24 /* ConversationLockManager.swift in Sources */,
				RR1100000000002F01 /* Router.swift in Sources */,
				DL1100000000002F01 /* DeepLinkRouter.swift in Sources */,
				AA00BB11CC22DD33EE440001 /* Conversation.swift in Sources */,
				AA00BB11CC22DD33EE440002 /* Message.swift in Sources */,
				AA00BB11CC22DD33EE440007 /* MessageModels.swift in Sources */,
				AA00BB11CC22DD33EE440003 /* FeedModels.swift in Sources */,
				AA00BB11CC22DD33EE44002B /* StoryModels.swift in Sources */,
				AA00BB11CC22DD33EE44002A /* PostModels.swift in Sources */,
				AA00BB11CC22DD33EE440028 /* AuthModels.swift in Sources */,
				AA00BB11CC22DD33EE440004 /* SampleData.swift in Sources */,
				AA00BB11CC22DD33EE440005 /* RootViewComponents.swift in Sources */,
				BB22CC33DD44EE55FF660058 /* StoryViewerView+Content.swift in Sources */,
				EE55FF66AA77BB88CC990043 /* ConversationBackgroundComponents.swift in Sources */,
				E3FB7818ED933C8F0757593F /* ThemedConversationRow.swift in Sources */,
				2FC8583F3AB2170FFC13A49D /* ConversationListHelpers.swift in Sources */,
				542025BAEF06C3FB0578E670 /* ConversationListView+Overlays.swift in Sources */,
				D26BAE25A2C027F3CA414696 /* ConversationView+MessageRow.swift in Sources */,
				C5B683209E2718175550AAE6 /* ConversationView+Header.swift in Sources */,
				1269C20F2394879CD524AD89 /* ConversationView+ScrollIndicators.swift in Sources */,
				75F796AFDAAFB88DFFB87706 /* ConversationView+Composer.swift in Sources */,
				A089B898BAA69C0AB7FA044C /* ConversationView+AttachmentHandlers.swift in Sources */,
				DD9981C0D89B4E730BB0B70C /* ThemedMessageBubble.swift in Sources */,
				CF236AB810E070AE44B8AE2F /* ThemedMessageBubble+Media.swift in Sources */,
				9F0935CAA94371C402BE2B6E /* ConversationMediaViews.swift in Sources */,
				GALLERY001B001B001B00002 /* ConversationMediaGalleryView.swift in Sources */,
				E73445377212602BE34F97F6 /* ConversationHelperViews.swift in Sources */,
				PP2500000000002F25 /* ParticipantsView.swift in Sources */,
				PP2600000000002F26 /* AddParticipantSheet.swift in Sources */,
				ML2700000000002F27 /* MagicLinkView.swift in Sources */,
				TM2800000000002F28 /* ToastManager.swift in Sources */,
				OB2900000000002F29 /* OnboardingView.swift in Sources */,
				OF3000000000002F30 /* OfflineBanner.swift in Sources */,
				CB3100000000002F31 /* ConnectionBanner.swift in Sources */,
				GS3200000000002F32 /* GlobalSearchView.swift in Sources */,
				GS3300000000002F33 /* GlobalSearchViewModel.swift in Sources */,
				SP3400000000002F34 /* SharePickerView.swift in Sources */,
				WP3500000000002F35 /* WidgetPreviewView.swift in Sources */,
				CM3600000000002F36 /* CallManager.swift in Sources */,
				WR3700000000002F37 /* WebRTCService.swift in Sources */,
				CV3800000000002F38 /* CallView.swift in Sources */,
				IC3900000000002F39 /* IncomingCallView.swift in Sources */,
				CC4000000000002F40 /* ContactCardView.swift in Sources */,
				2A62EA2A80A8037FCA288EE2 /* OnboardingAnimations.swift in Sources */,
				2D6AD43B267CD9FA109110AF /* OnboardingStepViews.swift in Sources */,
				D143407BBF8B39883209BCFD /* OnboardingFlowView.swift in Sources */,
			);
			runOnlyForDeploymentPostprocessing = 0;
		};
/* End PBXSourcesBuildPhase section */

/* Begin XCBuildConfiguration section */
		198125D52E3692D6E5EE24F7 /* Debug */ = {
			isa = XCBuildConfiguration;
			buildSettings = {
				ALWAYS_SEARCH_USER_PATHS = NO;
				CLANG_ANALYZER_NONNULL = YES;
				CLANG_ANALYZER_NUMBER_OBJECT_CONVERSION = YES_AGGRESSIVE;
				CLANG_CXX_LANGUAGE_STANDARD = "gnu++14";
				CLANG_CXX_LIBRARY = "libc++";
				CLANG_ENABLE_MODULES = YES;
				CLANG_ENABLE_OBJC_ARC = YES;
				CLANG_ENABLE_OBJC_WEAK = YES;
				CLANG_WARN_BLOCK_CAPTURE_AUTORELEASING = YES;
				CLANG_WARN_BOOL_CONVERSION = YES;
				CLANG_WARN_COMMA = YES;
				CLANG_WARN_CONSTANT_CONVERSION = YES;
				CLANG_WARN_DEPRECATED_OBJC_IMPLEMENTATIONS = YES;
				CLANG_WARN_DIRECT_OBJC_ISA_USAGE = YES_ERROR;
				CLANG_WARN_DOCUMENTATION_COMMENTS = YES;
				CLANG_WARN_EMPTY_BODY = YES;
				CLANG_WARN_ENUM_CONVERSION = YES;
				CLANG_WARN_INFINITE_RECURSION = YES;
				CLANG_WARN_INT_CONVERSION = YES;
				CLANG_WARN_NON_LITERAL_NULL_CONVERSION = YES;
				CLANG_WARN_OBJC_IMPLICIT_RETAIN_SELF = YES;
				CLANG_WARN_OBJC_LITERAL_CONVERSION = YES;
				CLANG_WARN_OBJC_ROOT_CLASS = YES_ERROR;
				CLANG_WARN_QUOTED_INCLUDE_IN_FRAMEWORK_HEADER = YES;
				CLANG_WARN_RANGE_LOOP_ANALYSIS = YES;
				CLANG_WARN_STRICT_PROTOTYPES = YES;
				CLANG_WARN_SUSPICIOUS_MOVE = YES;
				CLANG_WARN_UNGUARDED_AVAILABILITY = YES_AGGRESSIVE;
				CLANG_WARN_UNREACHABLE_CODE = YES;
				CLANG_WARN__DUPLICATE_METHOD_MATCH = YES;
				COPY_PHASE_STRIP = NO;
				DEBUG_INFORMATION_FORMAT = dwarf;
				ENABLE_STRICT_OBJC_MSGSEND = YES;
				ENABLE_TESTABILITY = YES;
				GCC_C_LANGUAGE_STANDARD = gnu11;
				GCC_DYNAMIC_NO_PIC = NO;
				GCC_NO_COMMON_BLOCKS = YES;
				GCC_OPTIMIZATION_LEVEL = 0;
				GCC_PREPROCESSOR_DEFINITIONS = (
					"$(inherited)",
					"DEBUG=1",
				);
				GCC_WARN_64_TO_32_BIT_CONVERSION = YES;
				GCC_WARN_ABOUT_RETURN_TYPE = YES_ERROR;
				GCC_WARN_UNDECLARED_SELECTOR = YES;
				GCC_WARN_UNINITIALIZED_AUTOS = YES_AGGRESSIVE;
				GCC_WARN_UNUSED_FUNCTION = YES;
				GCC_WARN_UNUSED_VARIABLE = YES;
				IPHONEOS_DEPLOYMENT_TARGET = 17.0;
				MTL_ENABLE_DEBUG_INFO = INCLUDE_SOURCE;
				MTL_FAST_MATH = YES;
				ONLY_ACTIVE_ARCH = YES;
				PRODUCT_NAME = Meeshy;
				SDKROOT = iphoneos;
				SWIFT_ACTIVE_COMPILATION_CONDITIONS = DEBUG;
				SWIFT_OPTIMIZATION_LEVEL = "-Onone";
				SWIFT_VERSION = 5.0;
				TARGETED_DEVICE_FAMILY = "1,2";
			};
			name = Debug;
		};
		25CAC53F51934622EECD38CA /* Debug */ = {
			isa = XCBuildConfiguration;
			buildSettings = {
				ASSETCATALOG_COMPILER_APPICON_NAME = AppIcon;
				ASSETCATALOG_COMPILER_GLOBAL_ACCENT_COLOR_NAME = AccentColor;
				CODE_SIGN_ENTITLEMENTS = Meeshy/Meeshy.entitlements;
				CODE_SIGN_IDENTITY = "Apple Development";
				CODE_SIGN_STYLE = Automatic;
				DEVELOPMENT_TEAM = J2LP6UE7JQ;
				ENABLE_PREVIEWS = YES;
				INFOPLIST_FILE = Meeshy/Info.plist;
				IPHONEOS_DEPLOYMENT_TARGET = 17.0;
				LD_RUNPATH_SEARCH_PATHS = (
					"$(inherited)",
					"@executable_path/Frameworks",
				);
				PRODUCT_BUNDLE_IDENTIFIER = com.meeshy.app;
				SDKROOT = iphoneos;
				TARGETED_DEVICE_FAMILY = "1,2";
			};
			name = Debug;
		};
		51E46CD48263793DCE842402 /* Release */ = {
			isa = XCBuildConfiguration;
			buildSettings = {
				ALWAYS_SEARCH_USER_PATHS = NO;
				CLANG_ANALYZER_NONNULL = YES;
				CLANG_ANALYZER_NUMBER_OBJECT_CONVERSION = YES_AGGRESSIVE;
				CLANG_CXX_LANGUAGE_STANDARD = "gnu++14";
				CLANG_CXX_LIBRARY = "libc++";
				CLANG_ENABLE_MODULES = YES;
				CLANG_ENABLE_OBJC_ARC = YES;
				CLANG_ENABLE_OBJC_WEAK = YES;
				CLANG_WARN_BLOCK_CAPTURE_AUTORELEASING = YES;
				CLANG_WARN_BOOL_CONVERSION = YES;
				CLANG_WARN_COMMA = YES;
				CLANG_WARN_CONSTANT_CONVERSION = YES;
				CLANG_WARN_DEPRECATED_OBJC_IMPLEMENTATIONS = YES;
				CLANG_WARN_DIRECT_OBJC_ISA_USAGE = YES_ERROR;
				CLANG_WARN_DOCUMENTATION_COMMENTS = YES;
				CLANG_WARN_EMPTY_BODY = YES;
				CLANG_WARN_ENUM_CONVERSION = YES;
				CLANG_WARN_INFINITE_RECURSION = YES;
				CLANG_WARN_INT_CONVERSION = YES;
				CLANG_WARN_NON_LITERAL_NULL_CONVERSION = YES;
				CLANG_WARN_OBJC_IMPLICIT_RETAIN_SELF = YES;
				CLANG_WARN_OBJC_LITERAL_CONVERSION = YES;
				CLANG_WARN_OBJC_ROOT_CLASS = YES_ERROR;
				CLANG_WARN_QUOTED_INCLUDE_IN_FRAMEWORK_HEADER = YES;
				CLANG_WARN_RANGE_LOOP_ANALYSIS = YES;
				CLANG_WARN_STRICT_PROTOTYPES = YES;
				CLANG_WARN_SUSPICIOUS_MOVE = YES;
				CLANG_WARN_UNGUARDED_AVAILABILITY = YES_AGGRESSIVE;
				CLANG_WARN_UNREACHABLE_CODE = YES;
				CLANG_WARN__DUPLICATE_METHOD_MATCH = YES;
				COPY_PHASE_STRIP = NO;
				DEBUG_INFORMATION_FORMAT = "dwarf-with-dsym";
				ENABLE_NS_ASSERTIONS = NO;
				ENABLE_STRICT_OBJC_MSGSEND = YES;
				GCC_C_LANGUAGE_STANDARD = gnu11;
				GCC_NO_COMMON_BLOCKS = YES;
				GCC_WARN_64_TO_32_BIT_CONVERSION = YES;
				GCC_WARN_ABOUT_RETURN_TYPE = YES_ERROR;
				GCC_WARN_UNDECLARED_SELECTOR = YES;
				GCC_WARN_UNINITIALIZED_AUTOS = YES_AGGRESSIVE;
				GCC_WARN_UNUSED_FUNCTION = YES;
				GCC_WARN_UNUSED_VARIABLE = YES;
				IPHONEOS_DEPLOYMENT_TARGET = 17.0;
				MTL_ENABLE_DEBUG_INFO = NO;
				MTL_FAST_MATH = YES;
				PRODUCT_NAME = Meeshy;
				SDKROOT = iphoneos;
				SWIFT_COMPILATION_MODE = wholemodule;
				SWIFT_OPTIMIZATION_LEVEL = "-O";
				SWIFT_VERSION = 5.0;
				TARGETED_DEVICE_FAMILY = "1,2";
			};
			name = Release;
		};
		649FD4DA8338CD6FD1C9275C /* Release */ = {
			isa = XCBuildConfiguration;
			buildSettings = {
				ASSETCATALOG_COMPILER_APPICON_NAME = AppIcon;
				ASSETCATALOG_COMPILER_GLOBAL_ACCENT_COLOR_NAME = AccentColor;
				CODE_SIGN_ENTITLEMENTS = Meeshy/Meeshy.entitlements;
				CODE_SIGN_IDENTITY = "Apple Development";
				CODE_SIGN_STYLE = Automatic;
				DEVELOPMENT_TEAM = J2LP6UE7JQ;
				ENABLE_PREVIEWS = YES;
				INFOPLIST_FILE = Meeshy/Info.plist;
				IPHONEOS_DEPLOYMENT_TARGET = 17.0;
				LD_RUNPATH_SEARCH_PATHS = (
					"$(inherited)",
					"@executable_path/Frameworks",
				);
				PRODUCT_BUNDLE_IDENTIFIER = com.meeshy.app;
				SDKROOT = iphoneos;
				TARGETED_DEVICE_FAMILY = "1,2";
			};
			name = Release;
		};
/* End XCBuildConfiguration section */

/* Begin XCConfigurationList section */
		147F4A57130170E66816D782 /* Build configuration list for PBXProject "Meeshy" */ = {
			isa = XCConfigurationList;
			buildConfigurations = (
				198125D52E3692D6E5EE24F7 /* Debug */,
				51E46CD48263793DCE842402 /* Release */,
			);
			defaultConfigurationIsVisible = 0;
			defaultConfigurationName = Debug;
		};
		4A720621BA92009C2C297A4D /* Build configuration list for PBXNativeTarget "Meeshy" */ = {
			isa = XCConfigurationList;
			buildConfigurations = (
				25CAC53F51934622EECD38CA /* Debug */,
				649FD4DA8338CD6FD1C9275C /* Release */,
			);
			defaultConfigurationIsVisible = 0;
			defaultConfigurationName = Debug;
		};
/* End XCConfigurationList section */

/* Begin XCLocalSwiftPackageReference section */
		AABB001100220055 /* XCLocalSwiftPackageReference "MeeshySDK" */ = {
			isa = XCLocalSwiftPackageReference;
			relativePath = ../../packages/MeeshySDK;
		};
/* End XCLocalSwiftPackageReference section */

/* Begin XCSwiftPackageProductDependency section */
		AABB001100220066 /* MeeshySDK */ = {
			isa = XCSwiftPackageProductDependency;
			productName = MeeshySDK;
		};
		AABB001100220077 /* MeeshyUI */ = {
			isa = XCSwiftPackageProductDependency;
			productName = MeeshyUI;
		};
/* End XCSwiftPackageProductDependency section */
	};
	rootObject = 520FF232375591D2444919CD /* Project object */;
}
